
Microsoft Visual Studio Solution File, Format Version 12.00
# Visual Studio 2017
Project("{FAE04EC0-301F-11D3-BF4B-00C04F79EFBC}") = "PONG MASTER", "PONG MASTER.csproj", "{961C2468-D5D4-0CF3-9E28-DF2F47639D84}"
EndProject
Global
	GlobalSection(SolutionConfigurationPlatforms) = preSolution
		Debug|Any CPU = Debug|Any CPU
		Release|Any CPU = Release|Any CPU
	EndGlobalSection
	GlobalSection(ProjectConfigurationPlatforms) = postSolution
		{961C2468-D5D4-0CF3-9E28-DF2F47639D84}.Debug|Any CPU.ActiveCfg = Debug|Any CPU
		{961C2468-D5D4-0CF3-9E28-DF2F47639D84}.Debug|Any CPU.Build.0 = Debug|Any CPU
		{961C2468-D5D4-0CF3-9E28-DF2F47639D84}.Release|Any CPU.ActiveCfg = Release|Any CPU
		{961C2468-D5D4-0CF3-9E28-DF2F47639D84}.Release|Any CPU.Build.0 = Release|Any CPU
	EndGlobalSection
	GlobalSection(SolutionProperties) = preSolution
		HideSolutionNode = FALSE
	EndGlobalSection
EndGlobal
